{
  "name": "kings-calclatex",
  "version": "3.2.0",
  "lockfileVersion": 3,
  "requires": true,
  "packages": {
    "": {
      "name": "kings-calclatex",
      "version": "3.2.0",
      "dependencies": {
        "valibot": "^1.4.2"
      },
      "devDependencies": {
        "@codemirror/commands": "^6.10.4",
        "@codemirror/language": "^6.12.4",
        "@cortex-js/compute-engine": "^0.24.0",
        "@lezer/common": "^1.5.2",
        "@types/node": "^20.19.43",
        "@types/three": "^0.170.0",
        "esbuild": "^0.24.0",
        "function-plot": "^1.25.0",
        "mathjs": "^13.2.0",
        "obsidian": "latest",
        "three": "^0.170.0",
        "tslib": "^2.7.0",
        "typescript": "^5.5.0"
      }
    },
    "node_modules/@babel/runtime": {
      "version": "7.29.2",
      "dev": true,
      "license": "MIT",
      "engines": {
        "node": ">=6.9.0"
      }
    },
    "node_modules/@codemirror/commands": {
      "version": "6.10.4",
      "dev": true,
      "license": "MIT",
      "dependencies": {
        "@codemirror/language": "^6.0.0",
        "@codemirror/state": "^6.7.0",
        "@codemirror/view": "^6.27.0",
        "@lezer/common": "^1.1.0"
      }
    },
    "node_modules/@codemirror/language": {
      "version": "6.12.4",
      "dev": true,
      "license": "MIT",
      "dependencies": {
        "@codemirror/state": "^6.0.0",
        "@codemirror/view": "^6.23.0",
        "@lezer/common": "^1.5.0",
        "@lezer/highlight": "^1.0.0",
        "@lezer/lr": "^1.0.0",
        "style-mod": "^4.0.0"
      }
    },
    "node_modules/@codemirror/state": {
      "version": "6.5.0",
      "dev": true,
      "license": "MIT",
      "dependencies": {
        "@marijn/find-cluster-break": "^1.0.0"
      }
    },
    "node_modules/@codemirror/view": {
      "version": "6.38.6",
      "dev": true,
      "license": "MIT",
      "dependencies": {
        "@codemirror/state": "^6.5.0",
        "crelt": "^1.0.6",
        "style-mod": "^4.1.0",
        "w3c-keyname": "^2.2.4"
      }
    },
    "node_modules/@cortex-js/compute-engine": {
      "version": "0.24.1",
      "dev": true,
      "license": "MIT",
      "dependencies": {
        "complex.js": "^2.1.1",
        "decimal.js": "^10.4.3"
      },
      "engines": {
        "node": ">=16.14.2",
        "npm": ">=8.5.0"
      }
    },
    "node_modules/@esbuild/win32-x64": {
      "version": "0.24.2",
      "cpu": [
        "x64"
      ],
      "dev": true,
      "license": "MIT",
      "optional": true,
      "os": [
        "win32"
      ],
      "engines": {
        "node": ">=18"
      }
    },
    "node_modules/@lezer/common": {
      "version": "1.5.2",
      "dev": true,
      "license": "MIT"
    },
    "node_modules/@lezer/highlight": {
      "version": "1.2.3",
      "dev": true,
      "license": "MIT",
      "dependencies": {
        "@lezer/common": "^1.3.0"
      }
    },
    "node_modules/@lezer/lr": {
      "version": "1.4.10",
      "dev": true,
      "license": "MIT",
      "dependencies": {
        "@lezer/common": "^1.0.0"
      }
    },
    "node_modules/@marijn/find-cluster-break": {
      "version": "1.0.3",
      "dev": true,
      "license": "MIT"
    },
    "node_modules/@tweenjs/tween.js": {
      "version": "23.1.3",
      "dev": true,
      "license": "MIT"
    },
    "node_modules/@types/codemirror": {
      "version": "5.60.8",
      "dev": true,
      "license": "MIT",
      "dependencies": {
        "@types/tern": "*"
      }
    },
    "node_modules/@types/estree": {
      "version": "1.0.8",
      "dev": true,
      "license": "MIT"
    },
    "node_modules/@types/node": {
      "version": "20.19.43",
      "dev": true,
      "license": "MIT",
      "dependencies": {
        "undici-types": "~6.21.0"
      }
    },
    "node_modules/@types/stats.js": {
      "version": "0.17.4",
      "dev": true,
      "license": "MIT"
    },
    "node_modules/@types/tern": {
      "version": "0.23.9",
      "dev": true,
      "license": "MIT",
      "dependencies": {
        "@types/estree": "*"
      }
    },
    "node_modules/@types/three": {
      "version": "0.170.0",
      "dev": true,
      "license": "MIT",
      "dependencies": {
        "@tweenjs/tween.js": "~23.1.3",
        "@types/stats.js": "*",
        "@types/webxr": "*",
        "@webgpu/types": "*",
        "fflate": "~0.8.2",
        "meshoptimizer": "~0.18.1"
      }
    },
    "node_modules/@types/webxr": {
      "version": "0.5.24",
      "dev": true,
      "license": "MIT"
    },
    "node_modules/@webgpu/types": {
      "version": "0.1.69",
      "dev": true,
      "license": "BSD-3-Clause"
    },
    "node_modules/built-in-math-eval": {
      "version": "0.3.1",
      "dev": true,
      "license": "MIT",
      "dependencies": {
        "math-codegen": "^0.4.1"
      }
    },
    "node_modules/complex.js": {
      "version": "2.4.3",
      "dev": true,
      "license": "MIT",
      "engines": {
        "node": "*"
      },
      "funding": {
        "type": "github",
        "url": "https://github.com/sponsors/rawify"
      }
    },
    "node_modules/crelt": {
      "version": "1.0.7",
      "dev": true,
      "license": "MIT"
    },
    "node_modules/d3-array": {
      "version": "3.2.4",
      "dev": true,
      "license": "ISC",
      "dependencies": {
        "internmap": "1 - 2"
      },
      "engines": {
        "node": ">=12"
      }
    },
    "node_modules/d3-axis": {
      "version": "3.0.0",
      "dev": true,
      "license": "ISC",
      "engines": {
        "node": ">=12"
      }
    },
    "node_modules/d3-color": {
      "version": "3.1.0",
      "dev": true,
      "license": "ISC",
      "engines": {
        "node": ">=12"
      }
    },
    "node_modules/d3-dispatch": {
      "version": "3.0.1",
      "dev": true,
      "license": "ISC",
      "engines": {
        "node": ">=12"
      }
    },
    "node_modules/d3-drag": {
      "version": "3.0.0",
      "dev": true,
      "license": "ISC",
      "dependencies": {
        "d3-dispatch": "1 - 3",
        "d3-selection": "3"
      },
      "engines": {
        "node": ">=12"
      }
    },
    "node_modules/d3-ease": {
      "version": "3.0.1",
      "dev": true,
      "license": "BSD-3-Clause",
      "engines": {
        "node": ">=12"
      }
    },
    "node_modules/d3-format": {
      "version": "3.1.2",
      "dev": true,
      "license": "ISC",
      "engines": {
        "node": ">=12"
      }
    },
    "node_modules/d3-interpolate": {
      "version": "3.0.1",
      "dev": true,
      "license": "ISC",
      "dependencies": {
        "d3-color": "1 - 3"
      },
      "engines": {
        "node": ">=12"
      }
    },
    "node_modules/d3-path": {
      "version": "3.1.0",
      "dev": true,
      "license": "ISC",
      "engines": {
        "node": ">=12"
      }
    },
    "node_modules/d3-scale": {
      "version": "4.0.2",
      "dev": true,
      "license": "ISC",
      "dependencies": {
        "d3-array": "2.10.0 - 3",
        "d3-format": "1 - 3",
        "d3-interpolate": "1.2.0 - 3",
        "d3-time": "2.1.1 - 3",
        "d3-time-format": "2 - 4"
      },
      "engines": {
        "node": ">=12"
      }
    },
    "node_modules/d3-selection": {
      "version": "3.0.0",
      "dev": true,
      "license": "ISC",
      "engines": {
        "node": ">=12"
      }
    },
    "node_modules/d3-shape": {
      "version": "3.2.0",
      "dev": true,
      "license": "ISC",
      "dependencies": {
        "d3-path": "^3.1.0"
      },
      "engines": {
        "node": ">=12"
      }
    },
    "node_modules/d3-time": {
      "version": "3.1.0",
      "dev": true,
      "license": "ISC",
      "dependencies": {
        "d3-array": "2 - 3"
      },
      "engines": {
        "node": ">=12"
      }
    },
    "node_modules/d3-time-format": {
      "version": "4.1.0",
      "dev": true,
      "license": "ISC",
      "dependencies": {
        "d3-time": "1 - 3"
      },
      "engines": {
        "node": ">=12"
      }
    },
    "node_modules/d3-timer": {
      "version": "3.0.1",
      "dev": true,
      "license": "ISC",
      "engines": {
        "node": ">=12"
      }
    },
    "node_modules/d3-transition": {
      "version": "3.0.1",
      "dev": true,
      "license": "ISC",
      "dependencies": {
        "d3-color": "1 - 3",
        "d3-dispatch": "1 - 3",
        "d3-ease": "1 - 3",
        "d3-interpolate": "1 - 3",
        "d3-timer": "1 - 3"
      },
      "engines": {
        "node": ">=12"
      },
      "peerDependencies": {
        "d3-selection": "2 - 3"
      }
    },
    "node_modules/d3-zoom": {
      "version": "3.0.0",
      "dev": true,
      "license": "ISC",
      "dependencies": {
        "d3-dispatch": "1 - 3",
        "d3-drag": "2 - 3",
        "d3-interpolate": "1 - 3",
        "d3-selection": "2 - 3",
        "d3-transition": "2 - 3"
      },
      "engines": {
        "node": ">=12"
      }
    },
    "node_modules/decimal.js": {
      "version": "10.6.0",
      "dev": true,
      "license": "MIT"
    },
    "node_modules/double-bits": {
      "version": "1.1.1",
      "dev": true,
      "license": "MIT"
    },
    "node_modules/esbuild": {
      "version": "0.24.2",
      "dev": true,
      "hasInstallScript": true,
      "license": "MIT",
      "bin": {
        "esbuild": "bin/esbuild"
      },
      "engines": {
        "node": ">=18"
      },
      "optionalDependencies": {
        "@esbuild/aix-ppc64": "0.24.2",
        "@esbuild/android-arm": "0.24.2",
        "@esbuild/android-arm64": "0.24.2",
        "@esbuild/android-x64": "0.24.2",
        "@esbuild/darwin-arm64": "0.24.2",
        "@esbuild/darwin-x64": "0.24.2",
        "@esbuild/freebsd-arm64": "0.24.2",
        "@esbuild/freebsd-x64": "0.24.2",
        "@esbuild/linux-arm": "0.24.2",
        "@esbuild/linux-arm64": "0.24.2",
        "@esbuild/linux-ia32": "0.24.2",
        "@esbuild/linux-loong64": "0.24.2",
        "@esbuild/linux-mips64el": "0.24.2",
        "@esbuild/linux-ppc64": "0.24.2",
        "@esbuild/linux-riscv64": "0.24.2",
        "@esbuild/linux-s390x": "0.24.2",
        "@esbuild/linux-x64": "0.24.2",
        "@esbuild/netbsd-arm64": "0.24.2",
        "@esbuild/netbsd-x64": "0.24.2",
        "@esbuild/openbsd-arm64": "0.24.2",
        "@esbuild/openbsd-x64": "0.24.2",
        "@esbuild/sunos-x64": "0.24.2",
        "@esbuild/win32-arm64": "0.24.2",
        "@esbuild/win32-ia32": "0.24.2",
        "@esbuild/win32-x64": "0.24.2"
      }
    },
    "node_modules/escape-latex": {
      "version": "1.2.0",
      "dev": true,
      "license": "MIT"
    },
    "node_modules/events": {
      "version": "3.3.0",
      "dev": true,
      "license": "MIT",
      "engines": {
        "node": ">=0.8.x"
      }
    },
    "node_modules/extend": {
      "version": "3.0.2",
      "dev": true,
      "license": "MIT"
    },
    "node_modules/fflate": {
      "version": "0.8.2",
      "dev": true,
      "license": "MIT"
    },
    "node_modules/fraction.js": {
      "version": "4.3.7",
      "dev": true,
      "license": "MIT",
      "engines": {
        "node": "*"
      },
      "funding": {
        "type": "patreon",
        "url": "https://github.com/sponsors/rawify"
      }
    },
    "node_modules/function-plot": {
      "version": "1.25.3",
      "dev": true,
      "license": "MIT",
      "dependencies": {
        "built-in-math-eval": "^0.3.0",
        "d3-axis": "^3.0.0",
        "d3-color": "^3.1.0",
        "d3-format": "^3.1.0",
        "d3-interpolate": "^3.0.1",
        "d3-scale": "^4.0.2",
        "d3-selection": "^3.0.0",
        "d3-shape": "^3.1.0",
        "d3-zoom": "^3.0.0",
        "events": "^3.3.0",
        "interval-arithmetic-eval": "^0.5.1"
      }
    },
    "node_modules/internmap": {
      "version": "2.0.3",
      "dev": true,
      "license": "ISC",
      "engines": {
        "node": ">=12"
      }
    },
    "node_modules/interval-arithmetic": {
      "version": "1.1.3",
      "dev": true,
      "license": "BSL-1.0",
      "dependencies": {
        "nextafter": "^1.0.0"
      }
    },
    "node_modules/interval-arithmetic-eval": {
      "version": "0.5.2",
      "dev": true,
      "license": "MIT",
      "dependencies": {
        "interval-arithmetic": "^1.1.2",
        "math-codegen": "^0.4.1"
      }
    },
    "node_modules/javascript-natural-sort": {
      "version": "0.7.1",
      "dev": true,
      "license": "MIT"
    },
    "node_modules/math-codegen": {
      "version": "0.4.2",
      "dev": true,
      "license": "MIT",
      "dependencies": {
        "extend": "^3.0.2",
        "mr-parser": "^0.2.1"
      }
    },
    "node_modules/mathjs": {
      "version": "13.2.3",
      "dev": true,
      "license": "Apache-2.0",
      "dependencies": {
        "@babel/runtime": "^7.25.7",
        "complex.js": "^2.2.5",
        "decimal.js": "^10.4.3",
        "escape-latex": "^1.2.0",
        "fraction.js": "^4.3.7",
        "javascript-natural-sort": "^0.7.1",
        "seedrandom": "^3.0.5",
        "tiny-emitter": "^2.1.0",
        "typed-function": "^4.2.1"
      },
      "bin": {
        "mathjs": "bin/cli.js"
      },
      "engines": {
        "node": ">= 18"
      }
    },
    "node_modules/meshoptimizer": {
      "version": "0.18.1",
      "dev": true,
      "license": "MIT"
    },
    "node_modules/moment": {
      "version": "2.29.4",
      "dev": true,
      "license": "MIT",
      "engines": {
        "node": "*"
      }
    },
    "node_modules/mr-parser": {
      "version": "0.2.2",
      "dev": true,
      "license": "MIT"
    },
    "node_modules/nextafter": {
      "version": "1.0.0",
      "dev": true,
      "license": "MIT",
      "dependencies": {
        "double-bits": "^1.1.0"
      }
    },
    "node_modules/obsidian": {
      "version": "1.13.1",
      "resolved": "https://registry.npmjs.org/obsidian/-/obsidian-1.13.1.tgz",
      "integrity": "sha512-qtTEA2pmhJzhuhJqzbBFRYhpIOqvW+krDYjtFynv66KbxBbumHBlsJfWw3I4jtnK/6fZwbQhCrmmDdRwXmX56w==",
      "dev": true,
      "license": "MIT",
      "dependencies": {
        "@types/codemirror": "5.60.8",
        "moment": "2.29.4"
      },
      "peerDependencies": {
        "@codemirror/state": "6.5.0",
        "@codemirror/view": "6.38.6"
      }
    },
    "node_modules/seedrandom": {
      "version": "3.0.5",
      "dev": true,
      "license": "MIT"
    },
    "node_modules/style-mod": {
      "version": "4.1.3",
      "dev": true,
      "license": "MIT"
    },
    "node_modules/three": {
      "version": "0.170.0",
      "dev": true,
      "license": "MIT"
    },
    "node_modules/tiny-emitter": {
      "version": "2.1.0",
      "dev": true,
      "license": "MIT"
    },
    "node_modules/tslib": {
      "version": "2.8.1",
      "dev": true,
      "license": "0BSD"
    },
    "node_modules/typed-function": {
      "version": "4.2.2",
      "dev": true,
      "license": "MIT",
      "engines": {
        "node": ">= 18"
      }
    },
    "node_modules/typescript": {
      "version": "5.9.3",
      "devOptional": true,
      "license": "Apache-2.0",
      "bin": {
        "tsc": "bin/tsc",
        "tsserver": "bin/tsserver"
      },
      "engines": {
        "node": ">=14.17"
      }
    },
    "node_modules/undici-types": {
      "version": "6.21.0",
      "dev": true,
      "license": "MIT"
    },
    "node_modules/valibot": {
      "version": "1.4.2",
      "license": "MIT",
      "peerDependencies": {
        "typescript": ">=5"
      },
      "peerDependenciesMeta": {
        "typescript": {
          "optional": true
        }
      }
    },
    "node_modules/w3c-keyname": {
      "version": "2.2.8",
      "dev": true,
      "license": "MIT"
    }
  }
}
